// !$*UTF8*$!
{
	archiveVersion = 1;
	classes = {
	};
	objectVersion = 50;
	objects = {

/* Begin PBXBuildFile section */
		63727AB6261B2BF90076ABFE /* TrainBookingApp.swift in Sources */ = {isa = PBXBuildFile; fileRef = 63727AB5261B2BF90076ABFE /* TrainBookingApp.swift */; };
		63727AB8261B2BF90076ABFE /* HomeView.swift in Sources */ = {isa = PBXBuildFile; fileRef = 63727AB7261B2BF90076ABFE /* HomeView.swift */; };
		63727ABA261B2BFC0076ABFE /* Assets.xcassets in Resources */ = {isa = PBXBuildFile; fileRef = 63727AB9261B2BFC0076ABFE /* Assets.xcassets */; };
		63727ABD261B2BFC0076ABFE /* Preview Assets.xcassets in Resources */ = {isa = PBXBuildFile; fileRef = 63727ABC261B2BFC0076ABFE /* Preview Assets.xcassets */; };
		63727AC6261B2FB00076ABFE /* SelectSeatView.swift in Sources */ = {isa = PBXBuildFile; fileRef = 63727AC5261B2FB00076ABFE /* SelectSeatView.swift */; };
		63727ACC261B59D80076ABFE /* Blur.swift in Sources */ = {isa = PBXBuildFile; fileRef = 63727ACB261B59D80076ABFE /* Blur.swift */; };
		63727ACF261B73800076ABFE /* TicketView.swift in Sources */ = {isa = PBXBuildFile; fileRef = 63727ACE261B73800076ABFE /* TicketView.swift */; };
		63727AD7261CC4590076ABFE /* TrainViewModel.swift in Sources */ = {isa = PBXBuildFile; fileRef = 63727AD6261CC4590076ABFE /* TrainViewModel.swift */; };
		63727ADC261CC5340076ABFE /* Train.swift in Sources */ = {isa = PBXBuildFile; fileRef = 63727ADB261CC5340076ABFE /* Train.swift */; };
		63727ADF261CC55B0076ABFE /* Row.swift in Sources */ = {isa = PBXBuildFile; fileRef = 63727ADE261CC55B0076ABFE /* Row.swift */; };
		63727AE2261CC56F0076ABFE /* Seat.swift in Sources */ = {isa = PBXBuildFile; fileRef = 63727AE1261CC56F0076ABFE /* Seat.swift */; };
		638385292621AF3800375B28 /* LegendView.swift in Sources */ = {isa = PBXBuildFile; fileRef = 638385282621AF3800375B28 /* LegendView.swift */; };
		6383852D2621AF6E00375B28 /* SeatIcon.swift in Sources */ = {isa = PBXBuildFile; fileRef = 6383852C2621AF6E00375B28 /* SeatIcon.swift */; };
		638385312621B57300375B28 /* SeatSelectionView.swift in Sources */ = {isa = PBXBuildFile; fileRef = 638385302621B57300375B28 /* SeatSelectionView.swift */; };
		638385362621B6E800375B28 /* PrimaryActionButtonStyle.swift in Sources */ = {isa = PBXBuildFile; fileRef = 638385352621B6E800375B28 /* PrimaryActionButtonStyle.swift */; };
		6383853D2621B98B00375B28 /* TicketListView.swift in Sources */ = {isa = PBXBuildFile; fileRef = 6383853C2621B98B00375B28 /* TicketListView.swift */; };
		638385402621BA6200375B28 /* TrainJourneyView.swift in Sources */ = {isa = PBXBuildFile; fileRef = 6383853F2621BA6200375B28 /* TrainJourneyView.swift */; };
		638385452621BE9000375B28 /* ProfilePictureView.swift in Sources */ = {isa = PBXBuildFile; fileRef = 638385442621BE9000375B28 /* ProfilePictureView.swift */; };
		638385482621BEAB00375B28 /* InfoImageView.swift in Sources */ = {isa = PBXBuildFile; fileRef = 638385472621BEAB00375B28 /* InfoImageView.swift */; };
		6383854C2621BECD00375B28 /* DestinationSelectView.swift in Sources */ = {isa = PBXBuildFile; fileRef = 6383854B2621BECD00375B28 /* DestinationSelectView.swift */; };
/* End PBXBuildFile section */

/* Begin PBXFileReference section */
		63727AB2261B2BF90076ABFE /* TrainBooking.app */ = {isa = PBXFileReference; explicitFileType = wrapper.application; includeInIndex = 0; path = TrainBooking.app; sourceTree = BUILT_PRODUCTS_DIR; };
		63727AB5261B2BF90076ABFE /* TrainBookingApp.swift */ = {isa = PBXFileReference; lastKnownFileType = sourcecode.swift; path = TrainBookingApp.swift; sourceTree = "<group>"; };
		63727AB7261B2BF90076ABFE /* HomeView.swift */ = {isa = PBXFileReference; lastKnownFileType = sourcecode.swift; path = HomeView.swift; sourceTree = "<group>"; };
		63727AB9261B2BFC0076ABFE /* Assets.xcassets */ = {isa = PBXFileReference; lastKnownFileType = folder.assetcatalog; path = Assets.xcassets; sourceTree = "<group>"; };
		63727ABC261B2BFC0076ABFE /* Preview Assets.xcassets */ = {isa = PBXFileReference; lastKnownFileType = folder.assetcatalog; path = "Preview Assets.xcassets"; sourceTree = "<group>"; };
		63727ABE261B2BFC0076ABFE /* Info.plist */ = {isa = PBXFileReference; lastKnownFileType = text.plist.xml; path = Info.plist; sourceTree = "<group>"; };
		63727AC5261B2FB00076ABFE /* SelectSeatView.swift */ = {isa = PBXFileReference; lastKnownFileType = sourcecode.swift; path = SelectSeatView.swift; sourceTree = "<group>"; };
		63727ACB261B59D80076ABFE /* Blur.swift */ = {isa = PBXFileReference; lastKnownFileType = sourcecode.swift; path = Blur.swift; sourceTree = "<group>"; };
		63727ACE261B73800076ABFE /* TicketView.swift */ = {isa = PBXFileReference; lastKnownFileType = sourcecode.swift; path = TicketView.swift; sourceTree = "<group>"; };
		63727AD6261CC4590076ABFE /* TrainViewModel.swift */ = {isa = PBXFileReference; lastKnownFileType = sourcecode.swift; path = TrainViewModel.swift; sourceTree = "<group>"; };
		63727ADB261CC5340076ABFE /* Train.swift */ = {isa = PBXFileReference; lastKnownFileType = sourcecode.swift; path = Train.swift; sourceTree = "<group>"; };
		63727ADE261CC55B0076ABFE /* Row.swift */ = {isa = PBXFileReference; lastKnownFileType = sourcecode.swift; path = Row.swift; sourceTree = "<group>"; };
		63727AE1261CC56F0076ABFE /* Seat.swift */ = {isa = PBXFileReference; lastKnownFileType = sourcecode.swift; path = Seat.swift; sourceTree = "<group>"; };
		638385282621AF3800375B28 /* LegendView.swift */ = {isa = PBXFileReference; lastKnownFileType = sourcecode.swift; path = LegendView.swift; sourceTree = "<group>"; };
		6383852C2621AF6E00375B28 /* SeatIcon.swift */ = {isa = PBXFileReference; lastKnownFileType = sourcecode.swift; path = SeatIcon.swift; sourceTree = "<group>"; };
		638385302621B57300375B28 /* SeatSelectionView.swift */ = {isa = PBXFileReference; lastKnownFileType = sourcecode.swift; path = SeatSelectionView.swift; sourceTree = "<group>"; };
		638385352621B6E800375B28 /* PrimaryActionButtonStyle.swift */ = {isa = PBXFileReference; lastKnownFileType = sourcecode.swift; path = PrimaryActionButtonStyle.swift; sourceTree = "<group>"; };
		6383853C2621B98B00375B28 /* TicketListView.swift */ = {isa = PBXFileReference; lastKnownFileType = sourcecode.swift; path = TicketListView.swift; sourceTree = "<group>"; };
		6383853F2621BA6200375B28 /* TrainJourneyView.swift */ = {isa = PBXFileReference; lastKnownFileType = sourcecode.swift; path = TrainJourneyView.swift; sourceTree = "<group>"; };
		638385442621BE9000375B28 /* ProfilePictureView.swift */ = {isa = PBXFileReference; lastKnownFileType = sourcecode.swift; path = ProfilePictureView.swift; sourceTree = "<group>"; };
		638385472621BEAB00375B28 /* InfoImageView.swift */ = {isa = PBXFileReference; lastKnownFileType = sourcecode.swift; path = InfoImageView.swift; sourceTree = "<group>"; };
		6383854B2621BECD00375B28 /* DestinationSelectView.swift */ = {isa = PBXFileReference; lastKnownFileType = sourcecode.swift; path = DestinationSelectView.swift; sourceTree = "<group>"; };
/* End PBXFileReference section */

/* Begin PBXFrameworksBuildPhase section */
		63727AAF261B2BF90076ABFE /* Frameworks */ = {
			isa = PBXFrameworksBuildPhase;
			buildActionMask = 2147483647;
			files = (
			);
			runOnlyForDeploymentPostprocessing = 0;
		};
/* End PBXFrameworksBuildPhase section */

/* Begin PBXGroup section */
		63727AA9261B2BF90076ABFE = {
			isa = PBXGroup;
			children = (
				63727AB4261B2BF90076ABFE /* TrainBooking */,
				63727AB3261B2BF90076ABFE /* Products */,
			);
			sourceTree = "<group>";
		};
		63727AB3261B2BF90076ABFE /* Products */ = {
			isa = PBXGroup;
			children = (
				63727AB2261B2BF90076ABFE /* TrainBooking.app */,
			);
			name = Products;
			sourceTree = "<group>";
		};
		63727AB4261B2BF90076ABFE /* TrainBooking */ = {
			isa = PBXGroup;
			children = (
				638385332621B6BB00375B28 /* Styles */,
				63727ADA261CC52C0076ABFE /* Models */,
				63727AD5261CC44B0076ABFE /* ViewModels */,
				63727AD3261CC4050076ABFE /* Views */,
				63727AB5261B2BF90076ABFE /* TrainBookingApp.swift */,
				63727AB9261B2BFC0076ABFE /* Assets.xcassets */,
				63727ABE261B2BFC0076ABFE /* Info.plist */,
				63727ABB261B2BFC0076ABFE /* Preview Content */,
			);
			path = TrainBooking;
			sourceTree = "<group>";
		};
		63727ABB261B2BFC0076ABFE /* Preview Content */ = {
			isa = PBXGroup;
			children = (
				63727ABC261B2BFC0076ABFE /* Preview Assets.xcassets */,
			);
			path = "Preview Content";
			sourceTree = "<group>";
		};
		63727AD3261CC4050076ABFE /* Views */ = {
			isa = PBXGroup;
			children = (
				638385422621BA8D00375B28 /* Home */,
				6383853A2621B96D00375B28 /* Ticket */,
				638385272621AF2C00375B28 /* SeatSelection */,
			);
			path = Views;
			sourceTree = "<group>";
		};
		63727AD5261CC44B0076ABFE /* ViewModels */ = {
			isa = PBXGroup;
			children = (
				63727AD6261CC4590076ABFE /* TrainViewModel.swift */,
			);
			path = ViewModels;
			sourceTree = "<group>";
		};
		63727ADA261CC52C0076ABFE /* Models */ = {
			isa = PBXGroup;
			children = (
				63727ADB261CC5340076ABFE /* Train.swift */,
				63727ADE261CC55B0076ABFE /* Row.swift */,
				63727AE1261CC56F0076ABFE /* Seat.swift */,
			);
			path = Models;
			sourceTree = "<group>";
		};
		638385272621AF2C00375B28 /* SeatSelection */ = {
			isa = PBXGroup;
			children = (
				63727AC5261B2FB00076ABFE /* SelectSeatView.swift */,
				638385282621AF3800375B28 /* LegendView.swift */,
				6383852C2621AF6E00375B28 /* SeatIcon.swift */,
				638385302621B57300375B28 /* SeatSelectionView.swift */,
			);
			path = SeatSelection;
			sourceTree = "<group>";
		};
		638385332621B6BB00375B28 /* Styles */ = {
			isa = PBXGroup;
			children = (
				63727ACB261B59D80076ABFE /* Blur.swift */,
				638385342621B6C000375B28 /* ButtonStyle */,
			);
			path = Styles;
			sourceTree = "<group>";
		};
		638385342621B6C000375B28 /* ButtonStyle */ = {
			isa = PBXGroup;
			children = (
				638385352621B6E800375B28 /* PrimaryActionButtonStyle.swift */,
			);
			path = ButtonStyle;
			sourceTree = "<group>";
		};
		6383853A2621B96D00375B28 /* Ticket */ = {
			isa = PBXGroup;
			children = (
				63727ACE261B73800076ABFE /* TicketView.swift */,
				6383853C2621B98B00375B28 /* TicketListView.swift */,
				6383853F2621BA6200375B28 /* TrainJourneyView.swift */,
			);
			path = Ticket;
			sourceTree = "<group>";
		};
		638385422621BA8D00375B28 /* Home */ = {
			isa = PBXGroup;
			children = (
				63727AB7261B2BF90076ABFE /* HomeView.swift */,
				638385442621BE9000375B28 /* ProfilePictureView.swift */,
				638385472621BEAB00375B28 /* InfoImageView.swift */,
				6383854B2621BECD00375B28 /* DestinationSelectView.swift */,
			);
			path = Home;
			sourceTree = "<group>";
		};
/* End PBXGroup section */

/* Begin PBXNativeTarget section */
		63727AB1261B2BF90076ABFE /* TrainBooking */ = {
			isa = PBXNativeTarget;
			buildConfigurationList = 63727AC1261B2BFC0076ABFE /* Build configuration list for PBXNativeTarget "TrainBooking" */;
			buildPhases = (
				63727AAE261B2BF90076ABFE /* Sources */,
				63727AAF261B2BF90076ABFE /* Frameworks */,
				63727AB0261B2BF90076ABFE /* Resources */,
			);
			buildRules = (
			);
			dependencies = (
			);
			name = TrainBooking;
			productName = TrainBooking;
			productReference = 63727AB2261B2BF90076ABFE /* TrainBooking.app */;
			productType = "com.apple.product-type.application";
		};
/* End PBXNativeTarget section */

/* Begin PBXProject section */
		63727AAA261B2BF90076ABFE /* Project object */ = {
			isa = PBXProject;
			attributes = {
				LastSwiftUpdateCheck = 1240;
				LastUpgradeCheck = 1240;
				TargetAttributes = {
					63727AB1261B2BF90076ABFE = {
						CreatedOnToolsVersion = 12.4;
					};
				};
			};
			buildConfigurationList = 63727AAD261B2BF90076ABFE /* Build configuration list for PBXProject "TrainBooking" */;
			compatibilityVersion = "Xcode 9.3";
			developmentRegion = en;
			hasScannedForEncodings = 0;
			knownRegions = (
				en,
				Base,
			);
			mainGroup = 63727AA9261B2BF90076ABFE;
			productRefGroup = 63727AB3261B2BF90076ABFE /* Products */;
			projectDirPath = "";
			projectRoot = "";
			targets = (
				63727AB1261B2BF90076ABFE /* TrainBooking */,
			);
		};
/* End PBXProject section */

/* Begin PBXResourcesBuildPhase section */
		63727AB0261B2BF90076ABFE /* Resources */ = {
			isa = PBXResourcesBuildPhase;
			buildActionMask = 2147483647;
			files = (
				63727ABD261B2BFC0076ABFE /* Preview Assets.xcassets in Resources */,
				63727ABA261B2BFC0076ABFE /* Assets.xcassets in Resources */,
			);
			runOnlyForDeploymentPostprocessing = 0;
		};
/* End PBXResourcesBuildPhase section */

/* Begin PBXSourcesBuildPhase section */
		63727AAE261B2BF90076ABFE /* Sources */ = {
			isa = PBXSourcesBuildPhase;
			buildActionMask = 2147483647;
			files = (
				63727ACF261B73800076ABFE /* TicketView.swift in Sources */,
				63727ADF261CC55B0076ABFE /* Row.swift in Sources */,
				638385362621B6E800375B28 /* PrimaryActionButtonStyle.swift in Sources */,
				63727AB8261B2BF90076ABFE /* HomeView.swift in Sources */,
				638385402621BA6200375B28 /* TrainJourneyView.swift in Sources */,
				638385292621AF3800375B28 /* LegendView.swift in Sources */,
				63727AD7261CC4590076ABFE /* TrainViewModel.swift in Sources */,
				63727AB6261B2BF90076ABFE /* TrainBookingApp.swift in Sources */,
				63727ACC261B59D80076ABFE /* Blur.swift in Sources */,
				63727ADC261CC5340076ABFE /* Train.swift in Sources */,
				638385312621B57300375B28 /* SeatSelectionView.swift in Sources */,
				638385482621BEAB00375B28 /* InfoImageView.swift in Sources */,
				638385452621BE9000375B28 /* ProfilePictureView.swift in Sources */,
				63727AE2261CC56F0076ABFE /* Seat.swift in Sources */,
				63727AC6261B2FB00076ABFE /* SelectSeatView.swift in Sources */,
				6383853D2621B98B00375B28 /* TicketListView.swift in Sources */,
				6383852D2621AF6E00375B28 /* SeatIcon.swift in Sources */,
				6383854C2621BECD00375B28 /* DestinationSelectView.swift in Sources */,
			);
			runOnlyForDeploymentPostprocessing = 0;
		};
/* End PBXSourcesBuildPhase section */

/* Begin XCBuildConfiguration section */
		63727ABF261B2BFC0076ABFE /* Debug */ = {
			isa = XCBuildConfiguration;
			buildSettings = {
				ALWAYS_SEARCH_USER_PATHS = NO;
				CLANG_ANALYZER_NONNULL = YES;
				CLANG_ANALYZER_NUMBER_OBJECT_CONVERSION = YES_AGGRESSIVE;
				CLANG_CXX_LANGUAGE_STANDARD = "gnu++14";
				CLANG_CXX_LIBRARY = "libc++";
				CLANG_ENABLE_MODULES = YES;
				CLANG_ENABLE_OBJC_ARC = YES;
				CLANG_ENABLE_OBJC_WEAK = YES;
				CLANG_WARN_BLOCK_CAPTURE_AUTORELEASING = YES;
				CLANG_WARN_BOOL_CONVERSION = YES;
				CLANG_WARN_COMMA = YES;
				CLANG_WARN_CONSTANT_CONVERSION = YES;
				CLANG_WARN_DEPRECATED_OBJC_IMPLEMENTATIONS = YES;
				CLANG_WARN_DIRECT_OBJC_ISA_USAGE = YES_ERROR;
				CLANG_WARN_DOCUMENTATION_COMMENTS = YES;
				CLANG_WARN_EMPTY_BODY = YES;
				CLANG_WARN_ENUM_CONVERSION = YES;
				CLANG_WARN_INFINITE_RECURSION = YES;
				CLANG_WARN_INT_CONVERSION = YES;
				CLANG_WARN_NON_LITERAL_NULL_CONVERSION = YES;
				CLANG_WARN_OBJC_IMPLICIT_RETAIN_SELF = YES;
				CLANG_WARN_OBJC_LITERAL_CONVERSION = YES;
				CLANG_WARN_OBJC_ROOT_CLASS = YES_ERROR;
				CLANG_WARN_QUOTED_INCLUDE_IN_FRAMEWORK_HEADER = YES;
				CLANG_WARN_RANGE_LOOP_ANALYSIS = YES;
				CLANG_WARN_STRICT_PROTOTYPES = YES;
				CLANG_WARN_SUSPICIOUS_MOVE = YES;
				CLANG_WARN_UNGUARDED_AVAILABILITY = YES_AGGRESSIVE;
				CLANG_WARN_UNREACHABLE_CODE = YES;
				CLANG_WARN__DUPLICATE_METHOD_MATCH = YES;
				COPY_PHASE_STRIP = NO;
				DEBUG_INFORMATION_FORMAT = dwarf;
				ENABLE_STRICT_OBJC_MSGSEND = YES;
				ENABLE_TESTABILITY = YES;
				GCC_C_LANGUAGE_STANDARD = gnu11;
				GCC_DYNAMIC_NO_PIC = NO;
				GCC_NO_COMMON_BLOCKS = YES;
				GCC_OPTIMIZATION_LEVEL = 0;
				GCC_PREPROCESSOR_DEFINITIONS = (
					"DEBUG=1",
					"$(inherited)",
				);
				GCC_WARN_64_TO_32_BIT_CONVERSION = YES;
				GCC_WARN_ABOUT_RETURN_TYPE = YES_ERROR;
				GCC_WARN_UNDECLARED_SELECTOR = YES;
				GCC_WARN_UNINITIALIZED_AUTOS = YES_AGGRESSIVE;
				GCC_WARN_UNUSED_FUNCTION = YES;
				GCC_WARN_UNUSED_VARIABLE = YES;
				IPHONEOS_DEPLOYMENT_TARGET = 14.4;
				MTL_ENABLE_DEBUG_INFO = INCLUDE_SOURCE;
				MTL_FAST_MATH = YES;
				ONLY_ACTIVE_ARCH = YES;
				SDKROOT = iphoneos;
				SWIFT_ACTIVE_COMPILATION_CONDITIONS = DEBUG;
				SWIFT_OPTIMIZATION_LEVEL = "-Onone";
			};
			name = Debug;
		};
		63727AC0261B2BFC0076ABFE /* Release */ = {
			isa = XCBuildConfiguration;
			buildSettings = {
				ALWAYS_SEARCH_USER_PATHS = NO;
				CLANG_ANALYZER_NONNULL = YES;
				CLANG_ANALYZER_NUMBER_OBJECT_CONVERSION = YES_AGGRESSIVE;
				CLANG_CXX_LANGUAGE_STANDARD = "gnu++14";
				CLANG_CXX_LIBRARY = "libc++";
				CLANG_ENABLE_MODULES = YES;
				CLANG_ENABLE_OBJC_ARC = YES;
				CLANG_ENABLE_OBJC_WEAK = YES;
				CLANG_WARN_BLOCK_CAPTURE_AUTORELEASING = YES;
				CLANG_WARN_BOOL_CONVERSION = YES;
				CLANG_WARN_COMMA = YES;
				CLANG_WARN_CONSTANT_CONVERSION = YES;
				CLANG_WARN_DEPRECATED_OBJC_IMPLEMENTATIONS = YES;
				CLANG_WARN_DIRECT_OBJC_ISA_USAGE = YES_ERROR;
				CLANG_WARN_DOCUMENTATION_COMMENTS = YES;
				CLANG_WARN_EMPTY_BODY = YES;
				CLANG_WARN_ENUM_CONVERSION = YES;
				CLANG_WARN_INFINITE_RECURSION = YES;
				CLANG_WARN_INT_CONVERSION = YES;
				CLANG_WARN_NON_LITERAL_NULL_CONVERSION = YES;
				CLANG_WARN_OBJC_IMPLICIT_RETAIN_SELF = YES;
				CLANG_WARN_OBJC_LITERAL_CONVERSION = YES;
				CLANG_WARN_OBJC_ROOT_CLASS = YES_ERROR;
				CLANG_WARN_QUOTED_INCLUDE_IN_FRAMEWORK_HEADER = YES;
				CLANG_WARN_RANGE_LOOP_ANALYSIS = YES;
				CLANG_WARN_STRICT_PROTOTYPES = YES;
				CLANG_WARN_SUSPICIOUS_MOVE = YES;
				CLANG_WARN_UNGUARDED_AVAILABILITY = YES_AGGRESSIVE;
				CLANG_WARN_UNREACHABLE_CODE = YES;
				CLANG_WARN__DUPLICATE_METHOD_MATCH = YES;
				COPY_PHASE_STRIP = NO;
				DEBUG_INFORMATION_FORMAT = "dwarf-with-dsym";
				ENABLE_NS_ASSERTIONS = NO;
				ENABLE_STRICT_OBJC_MSGSEND = YES;
				GCC_C_LANGUAGE_STANDARD = gnu11;
				GCC_NO_COMMON_BLOCKS = YES;
				GCC_WARN_64_TO_32_BIT_CONVERSION = YES;
				GCC_WARN_ABOUT_RETURN_TYPE = YES_ERROR;
				GCC_WARN_UNDECLARED_SELECTOR = YES;
				GCC_WARN_UNINITIALIZED_AUTOS = YES_AGGRESSIVE;
				GCC_WARN_UNUSED_FUNCTION = YES;
				GCC_WARN_UNUSED_VARIABLE = YES;
				IPHONEOS_DEPLOYMENT_TARGET = 14.4;
				MTL_ENABLE_DEBUG_INFO = NO;
				MTL_FAST_MATH = YES;
				SDKROOT = iphoneos;
				SWIFT_COMPILATION_MODE = wholemodule;
				SWIFT_OPTIMIZATION_LEVEL = "-O";
				VALIDATE_PRODUCT = YES;
			};
			name = Release;
		};
		63727AC2261B2BFC0076ABFE /* Debug */ = {
			isa = XCBuildConfiguration;
			buildSettings = {
				ASSETCATALOG_COMPILER_APPICON_NAME = AppIcon;
				ASSETCATALOG_COMPILER_GLOBAL_ACCENT_COLOR_NAME = AccentColor;
				CODE_SIGN_STYLE = Automatic;
				DEVELOPMENT_ASSET_PATHS = "\"TrainBooking/Preview Content\"";
				DEVELOPMENT_TEAM = 45Z42MYT8F;
				ENABLE_PREVIEWS = YES;
				INFOPLIST_FILE = TrainBooking/Info.plist;
				IPHONEOS_DEPLOYMENT_TARGET = 14.0;
				LD_RUNPATH_SEARCH_PATHS = (
					"$(inherited)",
					"@executable_path/Frameworks",
				);
				PRODUCT_BUNDLE_IDENTIFIER = com.vaclavikmartin.TrainBooking;
				PRODUCT_NAME = "$(TARGET_NAME)";
				SWIFT_VERSION = 5.0;
				TARGETED_DEVICE_FAMILY = 1;
			};
			name = Debug;
		};
		63727AC3261B2BFC0076ABFE /* Release */ = {
			isa = XCBuildConfiguration;
			buildSettings = {
				ASSETCATALOG_COMPILER_APPICON_NAME = AppIcon;
				ASSETCATALOG_COMPILER_GLOBAL_ACCENT_COLOR_NAME = AccentColor;
				CODE_SIGN_STYLE = Automatic;
				DEVELOPMENT_ASSET_PATHS = "\"TrainBooking/Preview Content\"";
				DEVELOPMENT_TEAM = 45Z42MYT8F;
				ENABLE_PREVIEWS = YES;
				INFOPLIST_FILE = TrainBooking/Info.plist;
				IPHONEOS_DEPLOYMENT_TARGET = 14.0;
				LD_RUNPATH_SEARCH_PATHS = (
					"$(inherited)",
					"@executable_path/Frameworks",
				);
				PRODUCT_BUNDLE_IDENTIFIER = com.vaclavikmartin.TrainBooking;
				PRODUCT_NAME = "$(TARGET_NAME)";
				SWIFT_VERSION = 5.0;
				TARGETED_DEVICE_FAMILY = 1;
			};
			name = Release;
		};
/* End XCBuildConfiguration section */

/* Begin XCConfigurationList section */
		63727AAD261B2BF90076ABFE /* Build configuration list for PBXProject "TrainBooking" */ = {
			isa = XCConfigurationList;
			buildConfigurations = (
				63727ABF261B2BFC0076ABFE /* Debug */,
				63727AC0261B2BFC0076ABFE /* Release */,
			);
			defaultConfigurationIsVisible = 0;
			defaultConfigurationName = Release;
		};
		63727AC1261B2BFC0076ABFE /* Build configuration list for PBXNativeTarget "TrainBooking" */ = {
			isa = XCConfigurationList;
			buildConfigurations = (
				63727AC2261B2BFC0076ABFE /* Debug */,
				63727AC3261B2BFC0076ABFE /* Release */,
			);
			defaultConfigurationIsVisible = 0;
			defaultConfigurationName = Release;
		};
/* End XCConfigurationList section */
	};
	rootObject = 63727AAA261B2BF90076ABFE /* Project object */;
}
